
Microsoft Visual Studio Solution File, Format Version 12.00
# Visual Studio Version 17
VisualStudioVersion = 17.6.33829.357
MinimumVisualStudioVersion = 10.0.40219.1
Project("{9A19103F-16F7-4668-BE54-9A1E7A4F7556}") = "CanvasTools", "CanvasTools\CanvasTools.csproj", "{FF415E5A-D45E-4660-863F-15925679BEFB}"
EndProject
Global
	GlobalSection(SolutionConfigurationPlatforms) = preSolution
		Debug|Any CPU = Debug|Any CPU
		Release|Any CPU = Release|Any CPU
	EndGlobalSection
	GlobalSection(ProjectConfigurationPlatforms) = postSolution
		{FF415E5A-D45E-4660-863F-15925679BEFB}.Debug|Any CPU.ActiveCfg = Debug|Any CPU
		{FF415E5A-D45E-4660-863F-15925679BEFB}.Debug|Any CPU.Build.0 = Debug|Any CPU
		{FF415E5A-D45E-4660-863F-15925679BEFB}.Release|Any CPU.ActiveCfg = Release|Any CPU
		{FF415E5A-D45E-4660-863F-15925679BEFB}.Release|Any CPU.Build.0 = Release|Any CPU
	EndGlobalSection
	GlobalSection(SolutionProperties) = preSolution
		HideSolutionNode = FALSE
	EndGlobalSection
	GlobalSection(ExtensibilityGlobals) = postSolution
		SolutionGuid = {3F6EFA80-8749-47C0-B6A6-7E6926F84478}
	EndGlobalSection
EndGlobal
